// !$*UTF8*$!
{
	archiveVersion = 1;
	classes = {
	};
	objectVersion = 46;
	objects = {

/* Begin PBXBuildFile section */
		176278471BCEF91200747057 /* main.m in Sources */ = {isa = PBXBuildFile; fileRef = 176278461BCEF91200747057 /* main.m */; };
		1762784A1BCEF91200747057 /* AppDelegate.m in Sources */ = {isa = PBXBuildFile; fileRef = 176278491BCEF91200747057 /* AppDelegate.m */; };
		1762784D1BCEF91200747057 /* ViewController.m in Sources */ = {isa = PBXBuildFile; fileRef = 1762784C1BCEF91200747057 /* ViewController.m */; };
		176278501BCEF91200747057 /* Main.storyboard in Resources */ = {isa = PBXBuildFile; fileRef = 1762784E1BCEF91200747057 /* Main.storyboard */; };
		176278521BCEF91200747057 /* Assets.xcassets in Resources */ = {isa = PBXBuildFile; fileRef = 176278511BCEF91200747057 /* Assets.xcassets */; };
		176278551BCEF91200747057 /* LaunchScreen.storyboard in Resources */ = {isa = PBXBuildFile; fileRef = 176278531BCEF91200747057 /* LaunchScreen.storyboard */; };
		1762785E1BCEFDD700747057 /* Pizzeria.m in Sources */ = {isa = PBXBuildFile; fileRef = 1762785D1BCEFDD700747057 /* Pizzeria.m */; };
		176278601BCEFF1500747057 /* CoreLocation.framework in Frameworks */ = {isa = PBXBuildFile; fileRef = 1762785F1BCEFF1500747057 /* CoreLocation.framework */; };
		176278621BCEFF1A00747057 /* MapKit.framework in Frameworks */ = {isa = PBXBuildFile; fileRef = 176278611BCEFF1A00747057 /* MapKit.framework */; };
/* End PBXBuildFile section */

/* Begin PBXFileReference section */
		176278421BCEF91200747057 /* ZaHunter.app */ = {isa = PBXFileReference; explicitFileType = wrapper.application; includeInIndex = 0; path = ZaHunter.app; sourceTree = BUILT_PRODUCTS_DIR; };
		176278461BCEF91200747057 /* main.m */ = {isa = PBXFileReference; lastKnownFileType = sourcecode.c.objc; path = main.m; sourceTree = "<group>"; };
		176278481BCEF91200747057 /* AppDelegate.h */ = {isa = PBXFileReference; lastKnownFileType = sourcecode.c.h; path = AppDelegate.h; sourceTree = "<group>"; };
		176278491BCEF91200747057 /* AppDelegate.m */ = {isa = PBXFileReference; lastKnownFileType = sourcecode.c.objc; path = AppDelegate.m; sourceTree = "<group>"; };
		1762784B1BCEF91200747057 /* ViewController.h */ = {isa = PBXFileReference; lastKnownFileType = sourcecode.c.h; path = ViewController.h; sourceTree = "<group>"; };
		1762784C1BCEF91200747057 /* ViewController.m */ = {isa = PBXFileReference; lastKnownFileType = sourcecode.c.objc; path = ViewController.m; sourceTree = "<group>"; };
		1762784F1BCEF91200747057 /* Base */ = {isa = PBXFileReference; lastKnownFileType = file.storyboard; name = Base; path = Base.lproj/Main.storyboard; sourceTree = "<group>"; };
		176278511BCEF91200747057 /* Assets.xcassets */ = {isa = PBXFileReference; lastKnownFileType = folder.assetcatalog; path = Assets.xcassets; sourceTree = "<group>"; };
		176278541BCEF91200747057 /* Base */ = {isa = PBXFileReference; lastKnownFileType = file.storyboard; name = Base; path = Base.lproj/LaunchScreen.storyboard; sourceTree = "<group>"; };
		176278561BCEF91200747057 /* Info.plist */ = {isa = PBXFileReference; lastKnownFileType = text.plist.xml; path = Info.plist; sourceTree = "<group>"; };
		1762785C1BCEFDD600747057 /* Pizzeria.h */ = {isa = PBXFileReference; fileEncoding = 4; lastKnownFileType = sourcecode.c.h; path = Pizzeria.h; sourceTree = "<group>"; };
		1762785D1BCEFDD700747057 /* Pizzeria.m */ = {isa = PBXFileReference; fileEncoding = 4; lastKnownFileType = sourcecode.c.objc; path = Pizzeria.m; sourceTree = "<group>"; };
		1762785F1BCEFF1500747057 /* CoreLocation.framework */ = {isa = PBXFileReference; lastKnownFileType = wrapper.framework; name = CoreLocation.framework; path = System/Library/Frameworks/CoreLocation.framework; sourceTree = SDKROOT; };
		176278611BCEFF1A00747057 /* MapKit.framework */ = {isa = PBXFileReference; lastKnownFileType = wrapper.framework; name = MapKit.framework; path = System/Library/Frameworks/MapKit.framework; sourceTree = SDKROOT; };
/* End PBXFileReference section */

/* Begin PBXFrameworksBuildPhase section */
		1762783F1BCEF91200747057 /* Frameworks */ = {
			isa = PBXFrameworksBuildPhase;
			buildActionMask = 2147483647;
			files = (
				176278621BCEFF1A00747057 /* MapKit.framework in Frameworks */,
				176278601BCEFF1500747057 /* CoreLocation.framework in Frameworks */,
			);
			runOnlyForDeploymentPostprocessing = 0;
		};
/* End PBXFrameworksBuildPhase section */

/* Begin PBXGroup section */
		170D9D311BF9611500F0F1F3 /* Model */ = {
			isa = PBXGroup;
			children = (
				1762785C1BCEFDD600747057 /* Pizzeria.h */,
				1762785D1BCEFDD700747057 /* Pizzeria.m */,
			);
			name = Model;
			sourceTree = "<group>";
		};
		176278391BCEF91100747057 = {
			isa = PBXGroup;
			children = (
				176278611BCEFF1A00747057 /* MapKit.framework */,
				1762785F1BCEFF1500747057 /* CoreLocation.framework */,
				176278441BCEF91200747057 /* ZaHunter */,
				176278431BCEF91200747057 /* Products */,
			);
			sourceTree = "<group>";
		};
		176278431BCEF91200747057 /* Products */ = {
			isa = PBXGroup;
			children = (
				176278421BCEF91200747057 /* ZaHunter.app */,
			);
			name = Products;
			sourceTree = "<group>";
		};
		176278441BCEF91200747057 /* ZaHunter */ = {
			isa = PBXGroup;
			children = (
				1762784E1BCEF91200747057 /* Main.storyboard */,
				1762784B1BCEF91200747057 /* ViewController.h */,
				1762784C1BCEF91200747057 /* ViewController.m */,
				170D9D311BF9611500F0F1F3 /* Model */,
				176278451BCEF91200747057 /* Supporting Files */,
			);
			path = ZaHunter;
			sourceTree = "<group>";
		};
		176278451BCEF91200747057 /* Supporting Files */ = {
			isa = PBXGroup;
			children = (
				176278481BCEF91200747057 /* AppDelegate.h */,
				176278491BCEF91200747057 /* AppDelegate.m */,
				176278511BCEF91200747057 /* Assets.xcassets */,
				176278531BCEF91200747057 /* LaunchScreen.storyboard */,
				176278561BCEF91200747057 /* Info.plist */,
				176278461BCEF91200747057 /* main.m */,
			);
			name = "Supporting Files";
			sourceTree = "<group>";
		};
/* End PBXGroup section */

/* Begin PBXNativeTarget section */
		176278411BCEF91200747057 /* ZaHunter */ = {
			isa = PBXNativeTarget;
			buildConfigurationList = 176278591BCEF91200747057 /* Build configuration list for PBXNativeTarget "ZaHunter" */;
			buildPhases = (
				1762783E1BCEF91200747057 /* Sources */,
				1762783F1BCEF91200747057 /* Frameworks */,
				176278401BCEF91200747057 /* Resources */,
			);
			buildRules = (
			);
			dependencies = (
			);
			name = ZaHunter;
			productName = ZaHunter;
			productReference = 176278421BCEF91200747057 /* ZaHunter.app */;
			productType = "com.apple.product-type.application";
		};
/* End PBXNativeTarget section */

/* Begin PBXProject section */
		1762783A1BCEF91100747057 /* Project object */ = {
			isa = PBXProject;
			attributes = {
				LastUpgradeCheck = 0700;
				ORGANIZATIONNAME = "Paul Kitchener";
				TargetAttributes = {
					176278411BCEF91200747057 = {
						CreatedOnToolsVersion = 7.0;
						DevelopmentTeam = MT7PJU4GKL;
					};
				};
			};
			buildConfigurationList = 1762783D1BCEF91100747057 /* Build configuration list for PBXProject "ZaHunter" */;
			compatibilityVersion = "Xcode 3.2";
			developmentRegion = English;
			hasScannedForEncodings = 0;
			knownRegions = (
				en,
				Base,
			);
			mainGroup = 176278391BCEF91100747057;
			productRefGroup = 176278431BCEF91200747057 /* Products */;
			projectDirPath = "";
			projectRoot = "";
			targets = (
				176278411BCEF91200747057 /* ZaHunter */,
			);
		};
/* End PBXProject section */

/* Begin PBXResourcesBuildPhase section */
		176278401BCEF91200747057 /* Resources */ = {
			isa = PBXResourcesBuildPhase;
			buildActionMask = 2147483647;
			files = (
				176278551BCEF91200747057 /* LaunchScreen.storyboard in Resources */,
				176278521BCEF91200747057 /* Assets.xcassets in Resources */,
				176278501BCEF91200747057 /* Main.storyboard in Resources */,
			);
			runOnlyForDeploymentPostprocessing = 0;
		};
/* End PBXResourcesBuildPhase section */

/* Begin PBXSourcesBuildPhase section */
		1762783E1BCEF91200747057 /* Sources */ = {
			isa = PBXSourcesBuildPhase;
			buildActionMask = 2147483647;
			files = (
				1762784D1BCEF91200747057 /* ViewController.m in Sources */,
				1762784A1BCEF91200747057 /* AppDelegate.m in Sources */,
				176278471BCEF91200747057 /* main.m in Sources */,
				1762785E1BCEFDD700747057 /* Pizzeria.m in Sources */,
			);
			runOnlyForDeploymentPostprocessing = 0;
		};
/* End PBXSourcesBuildPhase section */

/* Begin PBXVariantGroup section */
		1762784E1BCEF91200747057 /* Main.storyboard */ = {
			isa = PBXVariantGroup;
			children = (
				1762784F1BCEF91200747057 /* Base */,
			);
			name = Main.storyboard;
			sourceTree = "<group>";
		};
		176278531BCEF91200747057 /* LaunchScreen.storyboard */ = {
			isa = PBXVariantGroup;
			children = (
				176278541BCEF91200747057 /* Base */,
			);
			name = LaunchScreen.storyboard;
			sourceTree = "<group>";
		};
/* End PBXVariantGroup section */

/* Begin XCBuildConfiguration section */
		176278571BCEF91200747057 /* Debug */ = {
			isa = XCBuildConfiguration;
			buildSettings = {
				ALWAYS_SEARCH_USER_PATHS = NO;
				CLANG_CXX_LANGUAGE_STANDARD = "gnu++0x";
				CLANG_CXX_LIBRARY = "libc++";
				CLANG_ENABLE_MODULES = YES;
				CLANG_ENABLE_OBJC_ARC = YES;
				CLANG_WARN_BOOL_CONVERSION = YES;
				CLANG_WARN_CONSTANT_CONVERSION = YES;
				CLANG_WARN_DIRECT_OBJC_ISA_USAGE = YES_ERROR;
				CLANG_WARN_EMPTY_BODY = YES;
				CLANG_WARN_ENUM_CONVERSION = YES;
				CLANG_WARN_INT_CONVERSION = YES;
				CLANG_WARN_OBJC_ROOT_CLASS = YES_ERROR;
				CLANG_WARN_UNREACHABLE_CODE = YES;
				CLANG_WARN__DUPLICATE_METHOD_MATCH = YES;
				"CODE_SIGN_IDENTITY[sdk=iphoneos*]" = "iPhone Developer";
				COPY_PHASE_STRIP = NO;
				DEBUG_INFORMATION_FORMAT = dwarf;
				ENABLE_STRICT_OBJC_MSGSEND = YES;
				ENABLE_TESTABILITY = YES;
				GCC_C_LANGUAGE_STANDARD = gnu99;
				GCC_DYNAMIC_NO_PIC = NO;
				GCC_NO_COMMON_BLOCKS = YES;
				GCC_OPTIMIZATION_LEVEL = 0;
				GCC_PREPROCESSOR_DEFINITIONS = (
					"DEBUG=1",
					"$(inherited)",
				);
				GCC_WARN_64_TO_32_BIT_CONVERSION = YES;
				GCC_WARN_ABOUT_RETURN_TYPE = YES_ERROR;
				GCC_WARN_UNDECLARED_SELECTOR = YES;
				GCC_WARN_UNINITIALIZED_AUTOS = YES_AGGRESSIVE;
				GCC_WARN_UNUSED_FUNCTION = YES;
				GCC_WARN_UNUSED_VARIABLE = YES;
				IPHONEOS_DEPLOYMENT_TARGET = 9.0;
				MTL_ENABLE_DEBUG_INFO = YES;
				ONLY_ACTIVE_ARCH = YES;
				SDKROOT = iphoneos;
			};
			name = Debug;
		};
		176278581BCEF91200747057 /* Release */ = {
			isa = XCBuildConfiguration;
			buildSettings = {
				ALWAYS_SEARCH_USER_PATHS = NO;
				CLANG_CXX_LANGUAGE_STANDARD = "gnu++0x";
				CLANG_CXX_LIBRARY = "libc++";
				CLANG_ENABLE_MODULES = YES;
				CLANG_ENABLE_OBJC_ARC = YES;
				CLANG_WARN_BOOL_CONVERSION = YES;
				CLANG_WARN_CONSTANT_CONVERSION = YES;
				CLANG_WARN_DIRECT_OBJC_ISA_USAGE = YES_ERROR;
				CLANG_WARN_EMPTY_BODY = YES;
				CLANG_WARN_ENUM_CONVERSION = YES;
				CLANG_WARN_INT_CONVERSION = YES;
				CLANG_WARN_OBJC_ROOT_CLASS = YES_ERROR;
				CLANG_WARN_UNREACHABLE_CODE = YES;
				CLANG_WARN__DUPLICATE_METHOD_MATCH = YES;
				"CODE_SIGN_IDENTITY[sdk=iphoneos*]" = "iPhone Developer";
				COPY_PHASE_STRIP = NO;
				DEBUG_INFORMATION_FORMAT = "dwarf-with-dsym";
				ENABLE_NS_ASSERTIONS = NO;
				ENABLE_STRICT_OBJC_MSGSEND = YES;
				GCC_C_LANGUAGE_STANDARD = gnu99;
				GCC_NO_COMMON_BLOCKS = YES;
				GCC_WARN_64_TO_32_BIT_CONVERSION = YES;
				GCC_WARN_ABOUT_RETURN_TYPE = YES_ERROR;
				GCC_WARN_UNDECLARED_SELECTOR = YES;
				GCC_WARN_UNINITIALIZED_AUTOS = YES_AGGRESSIVE;
				GCC_WARN_UNUSED_FUNCTION = YES;
				GCC_WARN_UNUSED_VARIABLE = YES;
				IPHONEOS_DEPLOYMENT_TARGET = 9.0;
				MTL_ENABLE_DEBUG_INFO = NO;
				SDKROOT = iphoneos;
				VALIDATE_PRODUCT = YES;
			};
			name = Release;
		};
		1762785A1BCEF91200747057 /* Debug */ = {
			isa = XCBuildConfiguration;
			buildSettings = {
				ASSETCATALOG_COMPILER_APPICON_NAME = AppIcon;
				INFOPLIST_FILE = ZaHunter/Info.plist;
				LD_RUNPATH_SEARCH_PATHS = "$(inherited) @executable_path/Frameworks";
				PRODUCT_BUNDLE_IDENTIFIER = paulkitchener.ZaHunter;
				PRODUCT_NAME = "$(TARGET_NAME)";
			};
			name = Debug;
		};
		1762785B1BCEF91200747057 /* Release */ = {
			isa = XCBuildConfiguration;
			buildSettings = {
				ASSETCATALOG_COMPILER_APPICON_NAME = AppIcon;
				INFOPLIST_FILE = ZaHunter/Info.plist;
				LD_RUNPATH_SEARCH_PATHS = "$(inherited) @executable_path/Frameworks";
				PRODUCT_BUNDLE_IDENTIFIER = paulkitchener.ZaHunter;
				PRODUCT_NAME = "$(TARGET_NAME)";
			};
			name = Release;
		};
/* End XCBuildConfiguration section */

/* Begin XCConfigurationList section */
		1762783D1BCEF91100747057 /* Build configuration list for PBXProject "ZaHunter" */ = {
			isa = XCConfigurationList;
			buildConfigurations = (
				176278571BCEF91200747057 /* Debug */,
				176278581BCEF91200747057 /* Release */,
			);
			defaultConfigurationIsVisible = 0;
			defaultConfigurationName = Release;
		};
		176278591BCEF91200747057 /* Build configuration list for PBXNativeTarget "ZaHunter" */ = {
			isa = XCConfigurationList;
			buildConfigurations = (
				1762785A1BCEF91200747057 /* Debug */,
				1762785B1BCEF91200747057 /* Release */,
			);
			defaultConfigurationIsVisible = 0;
			defaultConfigurationName = Release;
		};
/* End XCConfigurationList section */
	};
	rootObject = 1762783A1BCEF91100747057 /* Project object */;
}
